
Microsoft Visual Studio Solution File, Format Version 12.00
# Visual Studio Version 16
VisualStudioVersion = 16.0.29209.62
MinimumVisualStudioVersion = 10.0.40219.1
Project("{2150E333-8FDC-42A3-9474-1A3956D46DE8}") = "HXCloud.Api", "HXCloud.Api", "{8784C595-36A3-4729-AF46-B7D44B593954}"
EndProject
Project("{9A19103F-16F7-4668-BE54-9A1E7A4F7556}") = "Test", "Test\Test.csproj", "{DDF9B9C5-181E-4502-B1EC-8FAAAC3FEB8C}"
EndProject
Project("{2150E333-8FDC-42A3-9474-1A3956D46DE8}") = "HXCloud.Model", "HXCloud.Model", "{89A106AC-C654-48ED-AA5D-A77369DDB38F}"
EndProject
Project("{2150E333-8FDC-42A3-9474-1A3956D46DE8}") = "HXCloud.Dto", "HXCloud.Dto", "{A5B9B7FE-5EFE-468E-8B4D-75DA38853F1C}"
EndProject
Project("{2150E333-8FDC-42A3-9474-1A3956D46DE8}") = "HXCloud.Service", "HXCloud.Service", "{9016329F-1ABA-4E07-A964-52AECEF10E33}"
EndProject
Project("{2150E333-8FDC-42A3-9474-1A3956D46DE8}") = "HXCloud.Repository", "HXCloud.Repository", "{0E86214A-D25F-4F9C-B549-F5C83A274EF9}"
EndProject
Project("{9A19103F-16F7-4668-BE54-9A1E7A4F7556}") = "HXCloud.Model", "HXCloud.Model\HXCloud.Model.csproj", "{B4776E56-8194-48A6-B0FD-DF47EB4B0272}"
EndProject
Project("{9A19103F-16F7-4668-BE54-9A1E7A4F7556}") = "HXCloud.ViewModel", "HXCloud.ViewModel\HXCloud.ViewModel.csproj", "{5793C3A9-E17C-46F0-A42A-B78A74DFF90E}"
EndProject
Project("{9A19103F-16F7-4668-BE54-9A1E7A4F7556}") = "HXCloud.Service", "HXCloud.Service\HXCloud.Service.csproj", "{AFD39871-A463-499C-A3CA-F861E8DED460}"
EndProject
Project("{9A19103F-16F7-4668-BE54-9A1E7A4F7556}") = "HXCloud.Repository", "HXCloud.Repository\HXCloud.Repository.csproj", "{BAB718EF-0B05-4D32-95DB-A4495C6ACC3C}"
EndProject
Project("{2150E333-8FDC-42A3-9474-1A3956D46DE8}") = "HXCloud.Common", "HXCloud.Common", "{71A3B4E4-70FB-4501-BFFD-A96F6C3B55F8}"
EndProject
Project("{9A19103F-16F7-4668-BE54-9A1E7A4F7556}") = "HXCloud.Common", "HXCloud.Common\HXCloud.Common.csproj", "{FA56CB57-84BC-4A74-83D0-3073C8E8BEA0}"
EndProject
Project("{9A19103F-16F7-4668-BE54-9A1E7A4F7556}") = "HXCloud.APIV2", "HXCloud.APIV2\HXCloud.APIV2.csproj", "{01BF4AC2-4C65-420A-B335-C79AF35B5FD6}"
EndProject
Global
	GlobalSection(SolutionConfigurationPlatforms) = preSolution
		Debug|Any CPU = Debug|Any CPU
		Release|Any CPU = Release|Any CPU
	EndGlobalSection
	GlobalSection(ProjectConfigurationPlatforms) = postSolution
		{DDF9B9C5-181E-4502-B1EC-8FAAAC3FEB8C}.Debug|Any CPU.ActiveCfg = Debug|Any CPU
		{DDF9B9C5-181E-4502-B1EC-8FAAAC3FEB8C}.Debug|Any CPU.Build.0 = Debug|Any CPU
		{DDF9B9C5-181E-4502-B1EC-8FAAAC3FEB8C}.Release|Any CPU.ActiveCfg = Release|Any CPU
		{DDF9B9C5-181E-4502-B1EC-8FAAAC3FEB8C}.Release|Any CPU.Build.0 = Release|Any CPU
		{B4776E56-8194-48A6-B0FD-DF47EB4B0272}.Debug|Any CPU.ActiveCfg = Debug|Any CPU
		{B4776E56-8194-48A6-B0FD-DF47EB4B0272}.Debug|Any CPU.Build.0 = Debug|Any CPU
		{B4776E56-8194-48A6-B0FD-DF47EB4B0272}.Release|Any CPU.ActiveCfg = Release|Any CPU
		{B4776E56-8194-48A6-B0FD-DF47EB4B0272}.Release|Any CPU.Build.0 = Release|Any CPU
		{5793C3A9-E17C-46F0-A42A-B78A74DFF90E}.Debug|Any CPU.ActiveCfg = Debug|Any CPU
		{5793C3A9-E17C-46F0-A42A-B78A74DFF90E}.Debug|Any CPU.Build.0 = Debug|Any CPU
		{5793C3A9-E17C-46F0-A42A-B78A74DFF90E}.Release|Any CPU.ActiveCfg = Release|Any CPU
		{5793C3A9-E17C-46F0-A42A-B78A74DFF90E}.Release|Any CPU.Build.0 = Release|Any CPU
		{AFD39871-A463-499C-A3CA-F861E8DED460}.Debug|Any CPU.ActiveCfg = Debug|Any CPU
		{AFD39871-A463-499C-A3CA-F861E8DED460}.Debug|Any CPU.Build.0 = Debug|Any CPU
		{AFD39871-A463-499C-A3CA-F861E8DED460}.Release|Any CPU.ActiveCfg = Release|Any CPU
		{AFD39871-A463-499C-A3CA-F861E8DED460}.Release|Any CPU.Build.0 = Release|Any CPU
		{BAB718EF-0B05-4D32-95DB-A4495C6ACC3C}.Debug|Any CPU.ActiveCfg = Debug|Any CPU
		{BAB718EF-0B05-4D32-95DB-A4495C6ACC3C}.Debug|Any CPU.Build.0 = Debug|Any CPU
		{BAB718EF-0B05-4D32-95DB-A4495C6ACC3C}.Release|Any CPU.ActiveCfg = Release|Any CPU
		{BAB718EF-0B05-4D32-95DB-A4495C6ACC3C}.Release|Any CPU.Build.0 = Release|Any CPU
		{FA56CB57-84BC-4A74-83D0-3073C8E8BEA0}.Debug|Any CPU.ActiveCfg = Debug|Any CPU
		{FA56CB57-84BC-4A74-83D0-3073C8E8BEA0}.Debug|Any CPU.Build.0 = Debug|Any CPU
		{FA56CB57-84BC-4A74-83D0-3073C8E8BEA0}.Release|Any CPU.ActiveCfg = Release|Any CPU
		{FA56CB57-84BC-4A74-83D0-3073C8E8BEA0}.Release|Any CPU.Build.0 = Release|Any CPU
		{01BF4AC2-4C65-420A-B335-C79AF35B5FD6}.Debug|Any CPU.ActiveCfg = Debug|Any CPU
		{01BF4AC2-4C65-420A-B335-C79AF35B5FD6}.Debug|Any CPU.Build.0 = Debug|Any CPU
		{01BF4AC2-4C65-420A-B335-C79AF35B5FD6}.Release|Any CPU.ActiveCfg = Release|Any CPU
		{01BF4AC2-4C65-420A-B335-C79AF35B5FD6}.Release|Any CPU.Build.0 = Release|Any CPU
	EndGlobalSection
	GlobalSection(SolutionProperties) = preSolution
		HideSolutionNode = FALSE
	EndGlobalSection
	GlobalSection(NestedProjects) = preSolution
		{DDF9B9C5-181E-4502-B1EC-8FAAAC3FEB8C} = {8784C595-36A3-4729-AF46-B7D44B593954}
		{B4776E56-8194-48A6-B0FD-DF47EB4B0272} = {89A106AC-C654-48ED-AA5D-A77369DDB38F}
		{5793C3A9-E17C-46F0-A42A-B78A74DFF90E} = {A5B9B7FE-5EFE-468E-8B4D-75DA38853F1C}
		{AFD39871-A463-499C-A3CA-F861E8DED460} = {9016329F-1ABA-4E07-A964-52AECEF10E33}
		{BAB718EF-0B05-4D32-95DB-A4495C6ACC3C} = {0E86214A-D25F-4F9C-B549-F5C83A274EF9}
		{FA56CB57-84BC-4A74-83D0-3073C8E8BEA0} = {71A3B4E4-70FB-4501-BFFD-A96F6C3B55F8}
		{01BF4AC2-4C65-420A-B335-C79AF35B5FD6} = {8784C595-36A3-4729-AF46-B7D44B593954}
	EndGlobalSection
	GlobalSection(ExtensibilityGlobals) = postSolution
		SolutionGuid = {4EBF31F0-F359-4C44-936A-697F996CA78B}
	EndGlobalSection
EndGlobal
